GEM
  remote: https://rubygems.org/
  specs:
    gems (1.1.1)
      json
    json (2.2.0)
    mini_portile2 (2.4.0)
    nokogiri (1.10.3)
      mini_portile2 (~> 2.4.0)
    terminal-table (1.8.0)
      unicode-display_width (~> 1.1, >= 1.1.1)
    unicode-display_width (1.6.0)

PLATFORMS
  ruby

DEPENDENCIES
  gems (~> 1.1)
  nokogiri (~> 1.10)
  terminal-table (~> 1.8)

BUNDLED WITH
   2.0.2
